
Microsoft Visual Studio Solution File, Format Version 12.00
# Visual Studio Version 17
VisualStudioVersion = 17.0.31903.59
MinimumVisualStudioVersion = 10.0.40219.1
Project("{FAE04EC0-301F-11D3-BF4B-00C04F79EFBC}") = "Factory", "Factory.csproj", "{34A78E3C-5630-4697-AAC5-1916F28D6227}"
EndProject
Global
	GlobalSection(SolutionConfigurationPlatforms) = preSolution
		Debug|Any CPU = Debug|Any CPU
		Release|Any CPU = Release|Any CPU
	EndGlobalSection
	GlobalSection(ProjectConfigurationPlatforms) = postSolution
		{34A78E3C-5630-4697-AAC5-1916F28D6227}.Debug|Any CPU.ActiveCfg = Debug|Any CPU
		{34A78E3C-5630-4697-AAC5-1916F28D6227}.Debug|Any CPU.Build.0 = Debug|Any CPU
		{34A78E3C-5630-4697-AAC5-1916F28D6227}.Release|Any CPU.ActiveCfg = Release|Any CPU
		{34A78E3C-5630-4697-AAC5-1916F28D6227}.Release|Any CPU.Build.0 = Release|Any CPU
	EndGlobalSection
	GlobalSection(SolutionProperties) = preSolution
		HideSolutionNode = FALSE
	EndGlobalSection
	GlobalSection(ExtensibilityGlobals) = postSolution
		SolutionGuid = {E0C2A94F-41EB-4DC1-B770-5BF7F1FB85FC}
	EndGlobalSection
EndGlobal
